
Microsoft Visual Studio Solution File, Format Version 12.00
# Visual Studio Version 17
VisualStudioVersion = 17.11.35222.181
MinimumVisualStudioVersion = 10.0.40219.1
Project("{FAE04EC0-301F-11D3-BF4B-00C04F79EFBC}") = "ContentStatisticsVisualizationTool", "ContentStatisticsVisualizationTool\ContentStatisticsVisualizationTool.csproj", "{23F97220-97AE-4C29-98F2-8157B426E4BC}"
EndProject
Global
	GlobalSection(SolutionConfigurationPlatforms) = preSolution
		Debug|Any CPU = Debug|Any CPU
		Release|Any CPU = Release|Any CPU
	EndGlobalSection
	GlobalSection(ProjectConfigurationPlatforms) = postSolution
		{23F97220-97AE-4C29-98F2-8157B426E4BC}.Debug|Any CPU.ActiveCfg = Debug|Any CPU
		{23F97220-97AE-4C29-98F2-8157B426E4BC}.Debug|Any CPU.Build.0 = Debug|Any CPU
		{23F97220-97AE-4C29-98F2-8157B426E4BC}.Release|Any CPU.ActiveCfg = Release|Any CPU
		{23F97220-97AE-4C29-98F2-8157B426E4BC}.Release|Any CPU.Build.0 = Release|Any CPU
	EndGlobalSection
	GlobalSection(SolutionProperties) = preSolution
		HideSolutionNode = FALSE
	EndGlobalSection
	GlobalSection(ExtensibilityGlobals) = postSolution
		SolutionGuid = {3372660E-DF17-4762-948D-AA674ECF17D1}
	EndGlobalSection
EndGlobal
